
Microsoft Visual Studio Solution File, Format Version 12.00
# Visual Studio Version 17
VisualStudioVersion = 17.13.35931.197 d17.13
MinimumVisualStudioVersion = 10.0.40219.1
Project("{FAE04EC0-301F-11D3-BF4B-00C04F79EFBC}") = "GestionInventario", "GestionInventario\GestionInventario.csproj", "{5BCA767D-FF92-4140-A3B3-A45CB14F1992}"
EndProject
Global
	GlobalSection(SolutionConfigurationPlatforms) = preSolution
		Debug|Any CPU = Debug|Any CPU
		Release|Any CPU = Release|Any CPU
	EndGlobalSection
	GlobalSection(ProjectConfigurationPlatforms) = postSolution
		{5BCA767D-FF92-4140-A3B3-A45CB14F1992}.Debug|Any CPU.ActiveCfg = Debug|Any CPU
		{5BCA767D-FF92-4140-A3B3-A45CB14F1992}.Debug|Any CPU.Build.0 = Debug|Any CPU
		{5BCA767D-FF92-4140-A3B3-A45CB14F1992}.Release|Any CPU.ActiveCfg = Release|Any CPU
		{5BCA767D-FF92-4140-A3B3-A45CB14F1992}.Release|Any CPU.Build.0 = Release|Any CPU
	EndGlobalSection
	GlobalSection(SolutionProperties) = preSolution
		HideSolutionNode = FALSE
	EndGlobalSection
	GlobalSection(ExtensibilityGlobals) = postSolution
		SolutionGuid = {4400C273-65E5-4255-B20E-A424A66D4308}
	EndGlobalSection
EndGlobal
